
Microsoft Visual Studio Solution File, Format Version 12.00
# Visual Studio Version 16
VisualStudioVersion = 16.0.29319.158
MinimumVisualStudioVersion = 10.0.40219.1
Project("{FAE04EC0-301F-11D3-BF4B-00C04F79EFBC}") = "SampleGrpcService", "SampleGrpcService.csproj", "{7CF59FEB-8B5C-41F1-A34F-3C166ED20C75}"
EndProject
Global
	GlobalSection(SolutionConfigurationPlatforms) = preSolution
		Debug|Any CPU = Debug|Any CPU
		Release|Any CPU = Release|Any CPU
	EndGlobalSection
	GlobalSection(ProjectConfigurationPlatforms) = postSolution
		{7CF59FEB-8B5C-41F1-A34F-3C166ED20C75}.Debug|Any CPU.ActiveCfg = Debug|Any CPU
		{7CF59FEB-8B5C-41F1-A34F-3C166ED20C75}.Debug|Any CPU.Build.0 = Debug|Any CPU
		{7CF59FEB-8B5C-41F1-A34F-3C166ED20C75}.Release|Any CPU.ActiveCfg = Release|Any CPU
		{7CF59FEB-8B5C-41F1-A34F-3C166ED20C75}.Release|Any CPU.Build.0 = Release|Any CPU
	EndGlobalSection
	GlobalSection(SolutionProperties) = preSolution
		HideSolutionNode = FALSE
	EndGlobalSection
	GlobalSection(ExtensibilityGlobals) = postSolution
		SolutionGuid = {7C17265E-2833-45E0-898C-60D166A109E8}
	EndGlobalSection
EndGlobal
